github.com/gogo/protobuf v1.1.1 h1:72R+M5VuhED/KujmZVcIquuo8mBgX4oVda//DQb3PXo=
github.com/gogo/protobuf v1.1.1/go.mod h1:r8qH/GZQm5c6nD/R0oafs1akxWv10x8SbQlK7atdtwQ=
github.com/justanotherorganization/justanotherbotkit v0.0.0-20181022230545-b01426cbf50d h1:3ej/E/oaak6iGXPi8E8ugcX2B9EVGmCv0fcRKjHSoVU=
github.com/justanotherorganization/justanotherbotkit/internal v0.0.1 h1:2odRvxW138OANcE7Oj1kBK9FiJorwKfV4nFsGTcQAB8=
github.com/justanotherorganization/justanotherbotkit/internal v0.0.1/go.mod h1:Ky6Plt9xEtoSkl64huLSkq0lq1xYKBxI58Wb45mucV8=
github.com/justanotherorganization/justanotherbotkit/proto v0.0.1 h1:N2hHF03EYoOfKXFlU4Sx97laA1fGu5K7K0ZjgbaGjF8=
github.com/justanotherorganization/justanotherbotkit/proto v0.0.1/go.mod h1:r2hwUKNIK21pZ+e1KuoNWCRDJIpotmDrwS02cMKZu6c=
github.com/justanotherorganization/justanotherbotkit/users v0.0.1 h1:g96VVlYIYV5kRYfG2eLBQa5Cptg1WaKu2Xv8eftOz6M=
github.com/justanotherorganization/justanotherbotkit/users v0.0.1/go.mod h1:pSY/4vMnSHd4qjLQzLFe3WyGhpVYhNibLQuZTjkIpE4=
github.com/pkg/errors v0.8.0 h1:WdK/asTD0HN+q6hsWO3/vpuAkAr+tw6aNJNDFFf0+qw=
github.com/pkg/errors v0.8.0/go.mod h1:bwawxfHBFNV+L2hUp1rHADufV3IMtnDRdf1r5NINEl0=
github.com/satori/go.uuid v1.2.0 h1:0uYX9dsZ2yD7q2RtLRtPSdGDWzjeM3TbMJP9utgA0ww=
github.com/satori/go.uuid v1.2.0/go.mod h1:dA0hQrYB0VpLJoorglMZABFdXlWrHn1NEOzdhQKdks0=
go.etcd.io/bbolt v1.3.0 h1:oY10fI923Q5pVCVt1GBTZMn8LHo5M+RCInFpeMnV4QI=
go.etcd.io/bbolt v1.3.0/go.mod h1:IbVyRI1SCnLcuJnV2u8VeU0CEYM7e686BmAb1XKL+uU=
golang.org/x/sys v0.0.0-20181022134430-8a28ead16f52 h1:iuRaATs1WHBt1WKav1CczVukq8i0T8geqpAMCUAnT+o=
golang.org/x/sys v0.0.0-20181022134430-8a28ead16f52/go.mod h1:STP8DvDyc/dI5b8T5hshtkjS+E42TnysNCUPdjciGhY=
