github.com/bwmarrin/discordgo v0.18.0 h1:XopVQXCIFy7Cr2eT7NcYcm4k0l2PYX+AP5RUbIWX2/8=
github.com/bwmarrin/discordgo v0.18.0/go.mod h1:5NIvFv5Z7HddYuXbuQegZ684DleQaCFqChP2iuBivJ8=
github.com/davecgh/go-spew v1.1.1/go.mod h1:J7Y8YcW2NihsgmVo/mv3lAwl/skON4iLHjSsI+c5H38=
github.com/gogo/protobuf v1.1.1 h1:72R+M5VuhED/KujmZVcIquuo8mBgX4oVda//DQb3PXo=
github.com/gogo/protobuf v1.1.1/go.mod h1:r8qH/GZQm5c6nD/R0oafs1akxWv10x8SbQlK7atdtwQ=
github.com/gorilla/websocket v1.4.0 h1:WDFjx/TMzVgy9VdMMQi2K2Emtwi2QcUQsztZ/zLaH/Q=
github.com/gorilla/websocket v1.4.0/go.mod h1:E7qHFY5m1UJ88s3WnNqhKjPHQ0heANvMoAMk2YaljkQ=
github.com/justanotherorganization/justanotherbotkit/internal v0.0.2 h1:lj5ClN0JpGuOOwDTw2NHzmMJVM8VlDvN2veHVcfOBRk=
github.com/justanotherorganization/justanotherbotkit/internal v0.0.2/go.mod h1:Ky6Plt9xEtoSkl64huLSkq0lq1xYKBxI58Wb45mucV8=
github.com/justanotherorganization/justanotherbotkit/proto v0.0.1 h1:N2hHF03EYoOfKXFlU4Sx97laA1fGu5K7K0ZjgbaGjF8=
github.com/justanotherorganization/justanotherbotkit/proto v0.0.1/go.mod h1:r2hwUKNIK21pZ+e1KuoNWCRDJIpotmDrwS02cMKZu6c=
github.com/justanotherorganization/justanotherbotkit/transport v0.0.3-pre1 h1:kgnhaJeOZ2Y64/Dv9XLQFGA5AMLGcrsN80YBHeJcZ88=
github.com/justanotherorganization/justanotherbotkit/transport v0.0.3-pre1/go.mod h1:gbF/m3czwTohZm7mRNbG/E7ycOmsSNMThrdMC+DuOjg=
github.com/justanotherorganization/justanotherbotkit/users v0.0.1 h1:g96VVlYIYV5kRYfG2eLBQa5Cptg1WaKu2Xv8eftOz6M=
github.com/justanotherorganization/justanotherbotkit/users v0.0.1/go.mod h1:pSY/4vMnSHd4qjLQzLFe3WyGhpVYhNibLQuZTjkIpE4=
github.com/lusis/go-slackbot v0.0.0-20180109053408-401027ccfef5/go.mod h1:c2mYKRyMb1BPkO5St0c/ps62L4S0W2NAkaTXj9qEI+0=
github.com/lusis/slack-test v0.0.0-20180109053238-3c758769bfa6/go.mod h1:sFlOUpQL1YcjhFVXhg1CG8ZASEs/Mf1oVb6H75JL/zg=
github.com/nlopes/slack v0.4.0/go.mod h1:jVI4BBK3lSktibKahxBF74txcK2vyvkza1z/+rRnVAM=
github.com/pkg/errors v0.8.0 h1:WdK/asTD0HN+q6hsWO3/vpuAkAr+tw6aNJNDFFf0+qw=
github.com/pkg/errors v0.8.0/go.mod h1:bwawxfHBFNV+L2hUp1rHADufV3IMtnDRdf1r5NINEl0=
github.com/pmezard/go-difflib v1.0.0/go.mod h1:iKH77koFhYxTK1pcRnkKkqfTogsbg7gZNVY4sRDYZ/4=
github.com/stretchr/testify v1.2.2/go.mod h1:a8OnRcib4nhh0OaRAV+Yts87kKdq0PP7pXfy6kDkUVs=
golang.org/x/crypto v0.0.0-20181001203147-e3636079e1a4 h1:Vk3wNqEZwyGyei9yq5ekj7frek2u7HUfffJ1/opblzc=
golang.org/x/crypto v0.0.0-20181001203147-e3636079e1a4/go.mod h1:6SG95UA2DQfeDnfUPMdvaQW0Q7yPrPDi9nlGo2tz2b4=
